
Microsoft Visual Studio Solution File, Format Version 12.00
# Visual Studio Version 17
VisualStudioVersion = 17.3.32825.248
MinimumVisualStudioVersion = 10.0.40219.1
Project("{9A19103F-16F7-4668-BE54-9A1E7A4F7556}") = "2009hw", "pracprac\2009hw.csproj", "{7EBF4B78-CE47-473F-B857-673D3216D777}"
EndProject
Project("{9A19103F-16F7-4668-BE54-9A1E7A4F7556}") = "2109hw", "2109hw\2109hw.csproj", "{A1C8F412-0FD2-4FF1-80B2-DC09D4B99DA8}"
EndProject
Project("{9A19103F-16F7-4668-BE54-9A1E7A4F7556}") = "grid10x10", "grid10x10\grid10x10.csproj", "{2B73A349-4906-4F43-AF08-94A93F5404E5}"
EndProject
Project("{9A19103F-16F7-4668-BE54-9A1E7A4F7556}") = "Commands", "Commands\Commands.csproj", "{59D93AAE-5D28-419F-95EB-58A9DF8449F5}"
EndProject
Project("{9A19103F-16F7-4668-BE54-9A1E7A4F7556}") = "RichTxtBoxCommands", "RichTxtBoxCommands\RichTxtBoxCommands.csproj", "{1252DE53-451A-41B7-B870-37C982940086}"
EndProject
Project("{FAE04EC0-301F-11D3-BF4B-00C04F79EFBC}") = "MVVM_app", "MVVM_app\MVVM_app.csproj", "{4CA9BF41-F685-4111-A270-F05F1A1B79FE}"
EndProject
Global
	GlobalSection(SolutionConfigurationPlatforms) = preSolution
		Debug|Any CPU = Debug|Any CPU
		Release|Any CPU = Release|Any CPU
	EndGlobalSection
	GlobalSection(ProjectConfigurationPlatforms) = postSolution
		{7EBF4B78-CE47-473F-B857-673D3216D777}.Debug|Any CPU.ActiveCfg = Debug|Any CPU
		{7EBF4B78-CE47-473F-B857-673D3216D777}.Debug|Any CPU.Build.0 = Debug|Any CPU
		{7EBF4B78-CE47-473F-B857-673D3216D777}.Release|Any CPU.ActiveCfg = Release|Any CPU
		{7EBF4B78-CE47-473F-B857-673D3216D777}.Release|Any CPU.Build.0 = Release|Any CPU
		{A1C8F412-0FD2-4FF1-80B2-DC09D4B99DA8}.Debug|Any CPU.ActiveCfg = Debug|Any CPU
		{A1C8F412-0FD2-4FF1-80B2-DC09D4B99DA8}.Debug|Any CPU.Build.0 = Debug|Any CPU
		{A1C8F412-0FD2-4FF1-80B2-DC09D4B99DA8}.Release|Any CPU.ActiveCfg = Release|Any CPU
		{A1C8F412-0FD2-4FF1-80B2-DC09D4B99DA8}.Release|Any CPU.Build.0 = Release|Any CPU
		{2B73A349-4906-4F43-AF08-94A93F5404E5}.Debug|Any CPU.ActiveCfg = Debug|Any CPU
		{2B73A349-4906-4F43-AF08-94A93F5404E5}.Debug|Any CPU.Build.0 = Debug|Any CPU
		{2B73A349-4906-4F43-AF08-94A93F5404E5}.Release|Any CPU.ActiveCfg = Release|Any CPU
		{2B73A349-4906-4F43-AF08-94A93F5404E5}.Release|Any CPU.Build.0 = Release|Any CPU
		{59D93AAE-5D28-419F-95EB-58A9DF8449F5}.Debug|Any CPU.ActiveCfg = Debug|Any CPU
		{59D93AAE-5D28-419F-95EB-58A9DF8449F5}.Debug|Any CPU.Build.0 = Debug|Any CPU
		{59D93AAE-5D28-419F-95EB-58A9DF8449F5}.Release|Any CPU.ActiveCfg = Release|Any CPU
		{59D93AAE-5D28-419F-95EB-58A9DF8449F5}.Release|Any CPU.Build.0 = Release|Any CPU
		{1252DE53-451A-41B7-B870-37C982940086}.Debug|Any CPU.ActiveCfg = Debug|Any CPU
		{1252DE53-451A-41B7-B870-37C982940086}.Debug|Any CPU.Build.0 = Debug|Any CPU
		{1252DE53-451A-41B7-B870-37C982940086}.Release|Any CPU.ActiveCfg = Release|Any CPU
		{1252DE53-451A-41B7-B870-37C982940086}.Release|Any CPU.Build.0 = Release|Any CPU
		{4CA9BF41-F685-4111-A270-F05F1A1B79FE}.Debug|Any CPU.ActiveCfg = Debug|Any CPU
		{4CA9BF41-F685-4111-A270-F05F1A1B79FE}.Debug|Any CPU.Build.0 = Debug|Any CPU
		{4CA9BF41-F685-4111-A270-F05F1A1B79FE}.Release|Any CPU.ActiveCfg = Release|Any CPU
		{4CA9BF41-F685-4111-A270-F05F1A1B79FE}.Release|Any CPU.Build.0 = Release|Any CPU
	EndGlobalSection
	GlobalSection(SolutionProperties) = preSolution
		HideSolutionNode = FALSE
	EndGlobalSection
	GlobalSection(ExtensibilityGlobals) = postSolution
		SolutionGuid = {8EA555B1-6DF9-46B3-9134-F597A8330E49}
	EndGlobalSection
EndGlobal
